
Microsoft Visual Studio Solution File, Format Version 12.00
# Visual Studio Version 17
VisualStudioVersion = 17.5.33414.496
MinimumVisualStudioVersion = 10.0.40219.1
Project("{9A19103F-16F7-4668-BE54-9A1E7A4F7556}") = "VirtualWallet.Web", "VirtualWalletWeb\VirtualWallet.Web.csproj", "{78BAE06F-FE02-44E0-840A-4AA9B0AB367E}"
EndProject
Project("{9A19103F-16F7-4668-BE54-9A1E7A4F7556}") = "VirtualWallet.Business", "VirtualWalletServices\VirtualWallet.Business.csproj", "{239E3A33-E25B-44CC-8357-E7D372237606}"
EndProject
Project("{9A19103F-16F7-4668-BE54-9A1E7A4F7556}") = "VirtualWallet.DataAccess", "VirtualWallet.DataAccess\VirtualWallet.DataAccess.csproj", "{443B64A8-6717-44C2-92AA-1594D8DA64FD}"
EndProject
Project("{9A19103F-16F7-4668-BE54-9A1E7A4F7556}") = "VirtualWallet.Dto", "VirtualWallet.DTO\VirtualWallet.Dto.csproj", "{D0E66981-5E67-45E4-843D-55FF26FFE244}"
EndProject
Project("{FAE04EC0-301F-11D3-BF4B-00C04F79EFBC}") = "VirtualWalletTests", "VirtualWalletTests\VirtualWalletTests.csproj", "{BDBEA1E7-B143-4FFB-9456-39EBE46C3D5B}"
EndProject
Global
	GlobalSection(SolutionConfigurationPlatforms) = preSolution
		Debug|Any CPU = Debug|Any CPU
		Release|Any CPU = Release|Any CPU
	EndGlobalSection
	GlobalSection(ProjectConfigurationPlatforms) = postSolution
		{78BAE06F-FE02-44E0-840A-4AA9B0AB367E}.Debug|Any CPU.ActiveCfg = Debug|Any CPU
		{78BAE06F-FE02-44E0-840A-4AA9B0AB367E}.Debug|Any CPU.Build.0 = Debug|Any CPU
		{78BAE06F-FE02-44E0-840A-4AA9B0AB367E}.Release|Any CPU.ActiveCfg = Release|Any CPU
		{78BAE06F-FE02-44E0-840A-4AA9B0AB367E}.Release|Any CPU.Build.0 = Release|Any CPU
		{239E3A33-E25B-44CC-8357-E7D372237606}.Debug|Any CPU.ActiveCfg = Debug|Any CPU
		{239E3A33-E25B-44CC-8357-E7D372237606}.Debug|Any CPU.Build.0 = Debug|Any CPU
		{239E3A33-E25B-44CC-8357-E7D372237606}.Release|Any CPU.ActiveCfg = Release|Any CPU
		{239E3A33-E25B-44CC-8357-E7D372237606}.Release|Any CPU.Build.0 = Release|Any CPU
		{443B64A8-6717-44C2-92AA-1594D8DA64FD}.Debug|Any CPU.ActiveCfg = Debug|Any CPU
		{443B64A8-6717-44C2-92AA-1594D8DA64FD}.Debug|Any CPU.Build.0 = Debug|Any CPU
		{443B64A8-6717-44C2-92AA-1594D8DA64FD}.Release|Any CPU.ActiveCfg = Release|Any CPU
		{443B64A8-6717-44C2-92AA-1594D8DA64FD}.Release|Any CPU.Build.0 = Release|Any CPU
		{D0E66981-5E67-45E4-843D-55FF26FFE244}.Debug|Any CPU.ActiveCfg = Debug|Any CPU
		{D0E66981-5E67-45E4-843D-55FF26FFE244}.Debug|Any CPU.Build.0 = Debug|Any CPU
		{D0E66981-5E67-45E4-843D-55FF26FFE244}.Release|Any CPU.ActiveCfg = Release|Any CPU
		{D0E66981-5E67-45E4-843D-55FF26FFE244}.Release|Any CPU.Build.0 = Release|Any CPU
		{BDBEA1E7-B143-4FFB-9456-39EBE46C3D5B}.Debug|Any CPU.ActiveCfg = Debug|Any CPU
		{BDBEA1E7-B143-4FFB-9456-39EBE46C3D5B}.Debug|Any CPU.Build.0 = Debug|Any CPU
		{BDBEA1E7-B143-4FFB-9456-39EBE46C3D5B}.Release|Any CPU.ActiveCfg = Release|Any CPU
		{BDBEA1E7-B143-4FFB-9456-39EBE46C3D5B}.Release|Any CPU.Build.0 = Release|Any CPU
	EndGlobalSection
	GlobalSection(SolutionProperties) = preSolution
		HideSolutionNode = FALSE
	EndGlobalSection
	GlobalSection(ExtensibilityGlobals) = postSolution
		SolutionGuid = {F00182A1-F50C-459E-92A6-7A14D3947D59}
	EndGlobalSection
EndGlobal
